# This file is automatically @generated by Cargo.
# It is not intended for manual editing.
version = 4

[[package]]
name = "cargo-build"
version = "0.7.3"
source = "registry+https://github.com/rust-lang/crates.io-index"
checksum = "30f81d8cf0ec52aa68785a238d2544214fa28f7554d3488742febb0c3b35db51"

[[package]]
name = "rust-tests"
version = "0.1.0"
dependencies = [
 "cargo-build",
]
